// !$*UTF8*$!
{
	archiveVersion = 1;
	classes = {
	};
	objectVersion = 56;
	objects = {

/* Begin PBXBuildFile section */
		F50E3D58296B011B008AEEB8 /* AppDelegate.swift in Sources */ = {isa = PBXBuildFile; fileRef = F50E3D57296B011B008AEEB8 /* AppDelegate.swift */; };
		F50E3D5A296B011B008AEEB8 /* SceneDelegate.swift in Sources */ = {isa = PBXBuildFile; fileRef = F50E3D59296B011B008AEEB8 /* SceneDelegate.swift */; };
		F50E3D5C296B011B008AEEB8 /* RMTabBarController.swift in Sources */ = {isa = PBXBuildFile; fileRef = F50E3D5B296B011B008AEEB8 /* RMTabBarController.swift */; };
		F50E3D61296B011C008AEEB8 /* Assets.xcassets in Resources */ = {isa = PBXBuildFile; fileRef = F50E3D60296B011C008AEEB8 /* Assets.xcassets */; };
		F50E3D64296B011C008AEEB8 /* LaunchScreen.storyboard in Resources */ = {isa = PBXBuildFile; fileRef = F50E3D62296B011C008AEEB8 /* LaunchScreen.storyboard */; };
		F5F3CD4E29A4024B00FF3D8E /* RMLocation.swift in Sources */ = {isa = PBXBuildFile; fileRef = F5F3CD4D29A4024B00FF3D8E /* RMLocation.swift */; };
		F5F3CD5029A4026500FF3D8E /* RMCharacter.swift in Sources */ = {isa = PBXBuildFile; fileRef = F5F3CD4F29A4026500FF3D8E /* RMCharacter.swift */; };
		F5F3CD5229A4027400FF3D8E /* RMEpisode.swift in Sources */ = {isa = PBXBuildFile; fileRef = F5F3CD5129A4027400FF3D8E /* RMEpisode.swift */; };
		F5F3CD5729A4046E00FF3D8E /* RMCharacterViewController.swift in Sources */ = {isa = PBXBuildFile; fileRef = F5F3CD5629A4046E00FF3D8E /* RMCharacterViewController.swift */; };
		F5F3CD5A29A4048600FF3D8E /* RMLocationViewController.swift in Sources */ = {isa = PBXBuildFile; fileRef = F5F3CD5929A4048600FF3D8E /* RMLocationViewController.swift */; };
		F5F3CD5D29A4049D00FF3D8E /* RMEpisodeViewController.swift in Sources */ = {isa = PBXBuildFile; fileRef = F5F3CD5C29A4049D00FF3D8E /* RMEpisodeViewController.swift */; };
		F5F3CD5F29A404AC00FF3D8E /* RMSettingViewController.swift in Sources */ = {isa = PBXBuildFile; fileRef = F5F3CD5E29A404AC00FF3D8E /* RMSettingViewController.swift */; };
/* End PBXBuildFile section */

/* Begin PBXFileReference section */
		F50E3D54296B011B008AEEB8 /* RickAndMorty.app */ = {isa = PBXFileReference; explicitFileType = wrapper.application; includeInIndex = 0; path = RickAndMorty.app; sourceTree = BUILT_PRODUCTS_DIR; };
		F50E3D57296B011B008AEEB8 /* AppDelegate.swift */ = {isa = PBXFileReference; lastKnownFileType = sourcecode.swift; path = AppDelegate.swift; sourceTree = "<group>"; };
		F50E3D59296B011B008AEEB8 /* SceneDelegate.swift */ = {isa = PBXFileReference; lastKnownFileType = sourcecode.swift; path = SceneDelegate.swift; sourceTree = "<group>"; };
		F50E3D5B296B011B008AEEB8 /* RMTabBarController.swift */ = {isa = PBXFileReference; lastKnownFileType = sourcecode.swift; path = RMTabBarController.swift; sourceTree = "<group>"; };
		F50E3D60296B011C008AEEB8 /* Assets.xcassets */ = {isa = PBXFileReference; lastKnownFileType = folder.assetcatalog; path = Assets.xcassets; sourceTree = "<group>"; };
		F50E3D63296B011C008AEEB8 /* Base */ = {isa = PBXFileReference; lastKnownFileType = file.storyboard; name = Base; path = Base.lproj/LaunchScreen.storyboard; sourceTree = "<group>"; };
		F50E3D65296B011C008AEEB8 /* Info.plist */ = {isa = PBXFileReference; lastKnownFileType = text.plist.xml; path = Info.plist; sourceTree = "<group>"; };
		F5F3CD4D29A4024B00FF3D8E /* RMLocation.swift */ = {isa = PBXFileReference; lastKnownFileType = sourcecode.swift; path = RMLocation.swift; sourceTree = "<group>"; };
		F5F3CD4F29A4026500FF3D8E /* RMCharacter.swift */ = {isa = PBXFileReference; lastKnownFileType = sourcecode.swift; path = RMCharacter.swift; sourceTree = "<group>"; };
		F5F3CD5129A4027400FF3D8E /* RMEpisode.swift */ = {isa = PBXFileReference; lastKnownFileType = sourcecode.swift; path = RMEpisode.swift; sourceTree = "<group>"; };
		F5F3CD5629A4046E00FF3D8E /* RMCharacterViewController.swift */ = {isa = PBXFileReference; lastKnownFileType = sourcecode.swift; path = RMCharacterViewController.swift; sourceTree = "<group>"; };
		F5F3CD5929A4048600FF3D8E /* RMLocationViewController.swift */ = {isa = PBXFileReference; lastKnownFileType = sourcecode.swift; path = RMLocationViewController.swift; sourceTree = "<group>"; };
		F5F3CD5C29A4049D00FF3D8E /* RMEpisodeViewController.swift */ = {isa = PBXFileReference; lastKnownFileType = sourcecode.swift; path = RMEpisodeViewController.swift; sourceTree = "<group>"; };
		F5F3CD5E29A404AC00FF3D8E /* RMSettingViewController.swift */ = {isa = PBXFileReference; lastKnownFileType = sourcecode.swift; path = RMSettingViewController.swift; sourceTree = "<group>"; };
/* End PBXFileReference section */

/* Begin PBXFrameworksBuildPhase section */
		F50E3D51296B011B008AEEB8 /* Frameworks */ = {
			isa = PBXFrameworksBuildPhase;
			buildActionMask = 2147483647;
			files = (
			);
			runOnlyForDeploymentPostprocessing = 0;
		};
/* End PBXFrameworksBuildPhase section */

/* Begin PBXGroup section */
		F50E3D4B296B011B008AEEB8 = {
			isa = PBXGroup;
			children = (
				F50E3D56296B011B008AEEB8 /* RickAndMorty */,
				F50E3D55296B011B008AEEB8 /* Products */,
			);
			sourceTree = "<group>";
		};
		F50E3D55296B011B008AEEB8 /* Products */ = {
			isa = PBXGroup;
			children = (
				F50E3D54296B011B008AEEB8 /* RickAndMorty.app */,
			);
			name = Products;
			sourceTree = "<group>";
		};
		F50E3D56296B011B008AEEB8 /* RickAndMorty */ = {
			isa = PBXGroup;
			children = (
				F569BF1F2972E2AC00BD3A88 /* Resources */,
				F569BF202972E33300BD3A88 /* Managers */,
				F569BF212972E33C00BD3A88 /* APIClient */,
				F569BF222972E34D00BD3A88 /* ViewModels */,
				F569BF252972E37800BD3A88 /* Views */,
				F569BF242972E36F00BD3A88 /* Models */,
				F569BF232972E35D00BD3A88 /* Controllers */,
				F50E3D65296B011C008AEEB8 /* Info.plist */,
			);
			path = RickAndMorty;
			sourceTree = "<group>";
		};
		F569BF1F2972E2AC00BD3A88 /* Resources */ = {
			isa = PBXGroup;
			children = (
				F50E3D57296B011B008AEEB8 /* AppDelegate.swift */,
				F50E3D59296B011B008AEEB8 /* SceneDelegate.swift */,
				F50E3D60296B011C008AEEB8 /* Assets.xcassets */,
				F50E3D62296B011C008AEEB8 /* LaunchScreen.storyboard */,
			);
			path = Resources;
			sourceTree = "<group>";
		};
		F569BF202972E33300BD3A88 /* Managers */ = {
			isa = PBXGroup;
			children = (
			);
			path = Managers;
			sourceTree = "<group>";
		};
		F569BF212972E33C00BD3A88 /* APIClient */ = {
			isa = PBXGroup;
			children = (
			);
			path = APIClient;
			sourceTree = "<group>";
		};
		F569BF222972E34D00BD3A88 /* ViewModels */ = {
			isa = PBXGroup;
			children = (
			);
			path = ViewModels;
			sourceTree = "<group>";
		};
		F569BF232972E35D00BD3A88 /* Controllers */ = {
			isa = PBXGroup;
			children = (
				F5F3CD5529A403F300FF3D8E /* Core */,
			);
			path = Controllers;
			sourceTree = "<group>";
		};
		F569BF242972E36F00BD3A88 /* Models */ = {
			isa = PBXGroup;
			children = (
				F5F3CD4D29A4024B00FF3D8E /* RMLocation.swift */,
				F5F3CD4F29A4026500FF3D8E /* RMCharacter.swift */,
				F5F3CD5129A4027400FF3D8E /* RMEpisode.swift */,
			);
			path = Models;
			sourceTree = "<group>";
		};
		F569BF252972E37800BD3A88 /* Views */ = {
			isa = PBXGroup;
			children = (
			);
			path = Views;
			sourceTree = "<group>";
		};
		F5F3CD5529A403F300FF3D8E /* Core */ = {
			isa = PBXGroup;
			children = (
				F50E3D5B296B011B008AEEB8 /* RMTabBarController.swift */,
				F5F3CD5629A4046E00FF3D8E /* RMCharacterViewController.swift */,
				F5F3CD5929A4048600FF3D8E /* RMLocationViewController.swift */,
				F5F3CD5C29A4049D00FF3D8E /* RMEpisodeViewController.swift */,
				F5F3CD5E29A404AC00FF3D8E /* RMSettingViewController.swift */,
			);
			path = Core;
			sourceTree = "<group>";
		};
/* End PBXGroup section */

/* Begin PBXNativeTarget section */
		F50E3D53296B011B008AEEB8 /* RickAndMorty */ = {
			isa = PBXNativeTarget;
			buildConfigurationList = F50E3D68296B011C008AEEB8 /* Build configuration list for PBXNativeTarget "RickAndMorty" */;
			buildPhases = (
				F50E3D50296B011B008AEEB8 /* Sources */,
				F50E3D51296B011B008AEEB8 /* Frameworks */,
				F50E3D52296B011B008AEEB8 /* Resources */,
			);
			buildRules = (
			);
			dependencies = (
			);
			name = RickAndMorty;
			productName = RickAndMorty;
			productReference = F50E3D54296B011B008AEEB8 /* RickAndMorty.app */;
			productType = "com.apple.product-type.application";
		};
/* End PBXNativeTarget section */

/* Begin PBXProject section */
		F50E3D4C296B011B008AEEB8 /* Project object */ = {
			isa = PBXProject;
			attributes = {
				BuildIndependentTargetsInParallel = 1;
				LastSwiftUpdateCheck = 1420;
				LastUpgradeCheck = 1420;
				TargetAttributes = {
					F50E3D53296B011B008AEEB8 = {
						CreatedOnToolsVersion = 14.2;
					};
				};
			};
			buildConfigurationList = F50E3D4F296B011B008AEEB8 /* Build configuration list for PBXProject "RickAndMorty" */;
			compatibilityVersion = "Xcode 14.0";
			developmentRegion = en;
			hasScannedForEncodings = 0;
			knownRegions = (
				en,
				Base,
			);
			mainGroup = F50E3D4B296B011B008AEEB8;
			productRefGroup = F50E3D55296B011B008AEEB8 /* Products */;
			projectDirPath = "";
			projectRoot = "";
			targets = (
				F50E3D53296B011B008AEEB8 /* RickAndMorty */,
			);
		};
/* End PBXProject section */

/* Begin PBXResourcesBuildPhase section */
		F50E3D52296B011B008AEEB8 /* Resources */ = {
			isa = PBXResourcesBuildPhase;
			buildActionMask = 2147483647;
			files = (
				F50E3D64296B011C008AEEB8 /* LaunchScreen.storyboard in Resources */,
				F50E3D61296B011C008AEEB8 /* Assets.xcassets in Resources */,
			);
			runOnlyForDeploymentPostprocessing = 0;
		};
/* End PBXResourcesBuildPhase section */

/* Begin PBXSourcesBuildPhase section */
		F50E3D50296B011B008AEEB8 /* Sources */ = {
			isa = PBXSourcesBuildPhase;
			buildActionMask = 2147483647;
			files = (
				F5F3CD5A29A4048600FF3D8E /* RMLocationViewController.swift in Sources */,
				F5F3CD5229A4027400FF3D8E /* RMEpisode.swift in Sources */,
				F50E3D5C296B011B008AEEB8 /* RMTabBarController.swift in Sources */,
				F5F3CD5D29A4049D00FF3D8E /* RMEpisodeViewController.swift in Sources */,
				F5F3CD5F29A404AC00FF3D8E /* RMSettingViewController.swift in Sources */,
				F50E3D58296B011B008AEEB8 /* AppDelegate.swift in Sources */,
				F50E3D5A296B011B008AEEB8 /* SceneDelegate.swift in Sources */,
				F5F3CD4E29A4024B00FF3D8E /* RMLocation.swift in Sources */,
				F5F3CD5029A4026500FF3D8E /* RMCharacter.swift in Sources */,
				F5F3CD5729A4046E00FF3D8E /* RMCharacterViewController.swift in Sources */,
			);
			runOnlyForDeploymentPostprocessing = 0;
		};
/* End PBXSourcesBuildPhase section */

/* Begin PBXVariantGroup section */
		F50E3D62296B011C008AEEB8 /* LaunchScreen.storyboard */ = {
			isa = PBXVariantGroup;
			children = (
				F50E3D63296B011C008AEEB8 /* Base */,
			);
			name = LaunchScreen.storyboard;
			sourceTree = "<group>";
		};
/* End PBXVariantGroup section */

/* Begin XCBuildConfiguration section */
		F50E3D66296B011C008AEEB8 /* Debug */ = {
			isa = XCBuildConfiguration;
			buildSettings = {
				ALWAYS_SEARCH_USER_PATHS = NO;
				CLANG_ANALYZER_NONNULL = YES;
				CLANG_ANALYZER_NUMBER_OBJECT_CONVERSION = YES_AGGRESSIVE;
				CLANG_CXX_LANGUAGE_STANDARD = "gnu++20";
				CLANG_ENABLE_MODULES = YES;
				CLANG_ENABLE_OBJC_ARC = YES;
				CLANG_ENABLE_OBJC_WEAK = YES;
				CLANG_WARN_BLOCK_CAPTURE_AUTORELEASING = YES;
				CLANG_WARN_BOOL_CONVERSION = YES;
				CLANG_WARN_COMMA = YES;
				CLANG_WARN_CONSTANT_CONVERSION = YES;
				CLANG_WARN_DEPRECATED_OBJC_IMPLEMENTATIONS = YES;
				CLANG_WARN_DIRECT_OBJC_ISA_USAGE = YES_ERROR;
				CLANG_WARN_DOCUMENTATION_COMMENTS = YES;
				CLANG_WARN_EMPTY_BODY = YES;
				CLANG_WARN_ENUM_CONVERSION = YES;
				CLANG_WARN_INFINITE_RECURSION = YES;
				CLANG_WARN_INT_CONVERSION = YES;
				CLANG_WARN_NON_LITERAL_NULL_CONVERSION = YES;
				CLANG_WARN_OBJC_IMPLICIT_RETAIN_SELF = YES;
				CLANG_WARN_OBJC_LITERAL_CONVERSION = YES;
				CLANG_WARN_OBJC_ROOT_CLASS = YES_ERROR;
				CLANG_WARN_QUOTED_INCLUDE_IN_FRAMEWORK_HEADER = YES;
				CLANG_WARN_RANGE_LOOP_ANALYSIS = YES;
				CLANG_WARN_STRICT_PROTOTYPES = YES;
				CLANG_WARN_SUSPICIOUS_MOVE = YES;
				CLANG_WARN_UNGUARDED_AVAILABILITY = YES_AGGRESSIVE;
				CLANG_WARN_UNREACHABLE_CODE = YES;
				CLANG_WARN__DUPLICATE_METHOD_MATCH = YES;
				COPY_PHASE_STRIP = NO;
				DEBUG_INFORMATION_FORMAT = dwarf;
				ENABLE_STRICT_OBJC_MSGSEND = YES;
				ENABLE_TESTABILITY = YES;
				GCC_C_LANGUAGE_STANDARD = gnu11;
				GCC_DYNAMIC_NO_PIC = NO;
				GCC_NO_COMMON_BLOCKS = YES;
				GCC_OPTIMIZATION_LEVEL = 0;
				GCC_PREPROCESSOR_DEFINITIONS = (
					"DEBUG=1",
					"$(inherited)",
				);
				GCC_WARN_64_TO_32_BIT_CONVERSION = YES;
				GCC_WARN_ABOUT_RETURN_TYPE = YES_ERROR;
				GCC_WARN_UNDECLARED_SELECTOR = YES;
				GCC_WARN_UNINITIALIZED_AUTOS = YES_AGGRESSIVE;
				GCC_WARN_UNUSED_FUNCTION = YES;
				GCC_WARN_UNUSED_VARIABLE = YES;
				IPHONEOS_DEPLOYMENT_TARGET = 16.2;
				MTL_ENABLE_DEBUG_INFO = INCLUDE_SOURCE;
				MTL_FAST_MATH = YES;
				ONLY_ACTIVE_ARCH = YES;
				SDKROOT = iphoneos;
				SWIFT_ACTIVE_COMPILATION_CONDITIONS = DEBUG;
				SWIFT_OPTIMIZATION_LEVEL = "-Onone";
			};
			name = Debug;
		};
		F50E3D67296B011C008AEEB8 /* Release */ = {
			isa = XCBuildConfiguration;
			buildSettings = {
				ALWAYS_SEARCH_USER_PATHS = NO;
				CLANG_ANALYZER_NONNULL = YES;
				CLANG_ANALYZER_NUMBER_OBJECT_CONVERSION = YES_AGGRESSIVE;
				CLANG_CXX_LANGUAGE_STANDARD = "gnu++20";
				CLANG_ENABLE_MODULES = YES;
				CLANG_ENABLE_OBJC_ARC = YES;
				CLANG_ENABLE_OBJC_WEAK = YES;
				CLANG_WARN_BLOCK_CAPTURE_AUTORELEASING = YES;
				CLANG_WARN_BOOL_CONVERSION = YES;
				CLANG_WARN_COMMA = YES;
				CLANG_WARN_CONSTANT_CONVERSION = YES;
				CLANG_WARN_DEPRECATED_OBJC_IMPLEMENTATIONS = YES;
				CLANG_WARN_DIRECT_OBJC_ISA_USAGE = YES_ERROR;
				CLANG_WARN_DOCUMENTATION_COMMENTS = YES;
				CLANG_WARN_EMPTY_BODY = YES;
				CLANG_WARN_ENUM_CONVERSION = YES;
				CLANG_WARN_INFINITE_RECURSION = YES;
				CLANG_WARN_INT_CONVERSION = YES;
				CLANG_WARN_NON_LITERAL_NULL_CONVERSION = YES;
				CLANG_WARN_OBJC_IMPLICIT_RETAIN_SELF = YES;
				CLANG_WARN_OBJC_LITERAL_CONVERSION = YES;
				CLANG_WARN_OBJC_ROOT_CLASS = YES_ERROR;
				CLANG_WARN_QUOTED_INCLUDE_IN_FRAMEWORK_HEADER = YES;
				CLANG_WARN_RANGE_LOOP_ANALYSIS = YES;
				CLANG_WARN_STRICT_PROTOTYPES = YES;
				CLANG_WARN_SUSPICIOUS_MOVE = YES;
				CLANG_WARN_UNGUARDED_AVAILABILITY = YES_AGGRESSIVE;
				CLANG_WARN_UNREACHABLE_CODE = YES;
				CLANG_WARN__DUPLICATE_METHOD_MATCH = YES;
				COPY_PHASE_STRIP = NO;
				DEBUG_INFORMATION_FORMAT = "dwarf-with-dsym";
				ENABLE_NS_ASSERTIONS = NO;
				ENABLE_STRICT_OBJC_MSGSEND = YES;
				GCC_C_LANGUAGE_STANDARD = gnu11;
				GCC_NO_COMMON_BLOCKS = YES;
				GCC_WARN_64_TO_32_BIT_CONVERSION = YES;
				GCC_WARN_ABOUT_RETURN_TYPE = YES_ERROR;
				GCC_WARN_UNDECLARED_SELECTOR = YES;
				GCC_WARN_UNINITIALIZED_AUTOS = YES_AGGRESSIVE;
				GCC_WARN_UNUSED_FUNCTION = YES;
				GCC_WARN_UNUSED_VARIABLE = YES;
				IPHONEOS_DEPLOYMENT_TARGET = 16.2;
				MTL_ENABLE_DEBUG_INFO = NO;
				MTL_FAST_MATH = YES;
				SDKROOT = iphoneos;
				SWIFT_COMPILATION_MODE = wholemodule;
				SWIFT_OPTIMIZATION_LEVEL = "-O";
				VALIDATE_PRODUCT = YES;
			};
			name = Release;
		};
		F50E3D69296B011C008AEEB8 /* Debug */ = {
			isa = XCBuildConfiguration;
			buildSettings = {
				ASSETCATALOG_COMPILER_APPICON_NAME = AppIcon;
				ASSETCATALOG_COMPILER_GLOBAL_ACCENT_COLOR_NAME = AccentColor;
				CODE_SIGN_STYLE = Automatic;
				CURRENT_PROJECT_VERSION = 1;
				DEVELOPMENT_TEAM = 2D4ZSKQP5M;
				GENERATE_INFOPLIST_FILE = YES;
				INFOPLIST_FILE = RickAndMorty/Info.plist;
				INFOPLIST_KEY_UIApplicationSupportsIndirectInputEvents = YES;
				INFOPLIST_KEY_UILaunchStoryboardName = LaunchScreen;
				INFOPLIST_KEY_UISupportedInterfaceOrientations_iPad = "UIInterfaceOrientationPortrait UIInterfaceOrientationPortraitUpsideDown UIInterfaceOrientationLandscapeLeft UIInterfaceOrientationLandscapeRight";
				INFOPLIST_KEY_UISupportedInterfaceOrientations_iPhone = "UIInterfaceOrientationPortrait UIInterfaceOrientationLandscapeLeft UIInterfaceOrientationLandscapeRight";
				LD_RUNPATH_SEARCH_PATHS = (
					"$(inherited)",
					"@executable_path/Frameworks",
				);
				MARKETING_VERSION = 1.0;
				PRODUCT_BUNDLE_IDENTIFIER = com.emrekocak.RickAndMorty;
				PRODUCT_NAME = "$(TARGET_NAME)";
				SWIFT_EMIT_LOC_STRINGS = YES;
				SWIFT_VERSION = 5.0;
				TARGETED_DEVICE_FAMILY = "1,2";
			};
			name = Debug;
		};
		F50E3D6A296B011C008AEEB8 /* Release */ = {
			isa = XCBuildConfiguration;
			buildSettings = {
				ASSETCATALOG_COMPILER_APPICON_NAME = AppIcon;
				ASSETCATALOG_COMPILER_GLOBAL_ACCENT_COLOR_NAME = AccentColor;
				CODE_SIGN_STYLE = Automatic;
				CURRENT_PROJECT_VERSION = 1;
				DEVELOPMENT_TEAM = 2D4ZSKQP5M;
				GENERATE_INFOPLIST_FILE = YES;
				INFOPLIST_FILE = RickAndMorty/Info.plist;
				INFOPLIST_KEY_UIApplicationSupportsIndirectInputEvents = YES;
				INFOPLIST_KEY_UILaunchStoryboardName = LaunchScreen;
				INFOPLIST_KEY_UISupportedInterfaceOrientations_iPad = "UIInterfaceOrientationPortrait UIInterfaceOrientationPortraitUpsideDown UIInterfaceOrientationLandscapeLeft UIInterfaceOrientationLandscapeRight";
				INFOPLIST_KEY_UISupportedInterfaceOrientations_iPhone = "UIInterfaceOrientationPortrait UIInterfaceOrientationLandscapeLeft UIInterfaceOrientationLandscapeRight";
				LD_RUNPATH_SEARCH_PATHS = (
					"$(inherited)",
					"@executable_path/Frameworks",
				);
				MARKETING_VERSION = 1.0;
				PRODUCT_BUNDLE_IDENTIFIER = com.emrekocak.RickAndMorty;
				PRODUCT_NAME = "$(TARGET_NAME)";
				SWIFT_EMIT_LOC_STRINGS = YES;
				SWIFT_VERSION = 5.0;
				TARGETED_DEVICE_FAMILY = "1,2";
			};
			name = Release;
		};
/* End XCBuildConfiguration section */

/* Begin XCConfigurationList section */
		F50E3D4F296B011B008AEEB8 /* Build configuration list for PBXProject "RickAndMorty" */ = {
			isa = XCConfigurationList;
			buildConfigurations = (
				F50E3D66296B011C008AEEB8 /* Debug */,
				F50E3D67296B011C008AEEB8 /* Release */,
			);
			defaultConfigurationIsVisible = 0;
			defaultConfigurationName = Release;
		};
		F50E3D68296B011C008AEEB8 /* Build configuration list for PBXNativeTarget "RickAndMorty" */ = {
			isa = XCConfigurationList;
			buildConfigurations = (
				F50E3D69296B011C008AEEB8 /* Debug */,
				F50E3D6A296B011C008AEEB8 /* Release */,
			);
			defaultConfigurationIsVisible = 0;
			defaultConfigurationName = Release;
		};
/* End XCConfigurationList section */
	};
	rootObject = F50E3D4C296B011B008AEEB8 /* Project object */;
}
